{
  "name": "heralda-voice-plugin",
  "version": "0.0.1",
  "lockfileVersion": 1,
  "requires": true,
  "dependencies": {
    "heralda-plugin-base": {
      "version": "github:EbekFrostblade/Heralda-plugin-base#8f9f9dc7df20a30b1d5371f7cebc1f371085a74b",
      "from": "github:EbekFrostblade/Heralda-plugin-base"
    }
  }
}
